
Microsoft Visual Studio Solution File, Format Version 12.00
# Visual Studio Version 17
VisualStudioVersion = 17.10.35013.160
MinimumVisualStudioVersion = 10.0.40219.1
Project("{9A19103F-16F7-4668-BE54-9A1E7A4F7556}") = "NZWalks.API", "NZWalks.API\NZWalks.API.csproj", "{F64BE4FD-BB92-4D2A-A7C1-5CAC048CB8D2}"
EndProject
Project("{FAE04EC0-301F-11D3-BF4B-00C04F79EFBC}") = "NZWalks.UI", "NZWalks.UI\NZWalks.UI.csproj", "{B553021F-B42A-42FA-8EFD-465035F711FD}"
EndProject
Global
	GlobalSection(SolutionConfigurationPlatforms) = preSolution
		Debug|Any CPU = Debug|Any CPU
		Release|Any CPU = Release|Any CPU
	EndGlobalSection
	GlobalSection(ProjectConfigurationPlatforms) = postSolution
		{F64BE4FD-BB92-4D2A-A7C1-5CAC048CB8D2}.Debug|Any CPU.ActiveCfg = Debug|Any CPU
		{F64BE4FD-BB92-4D2A-A7C1-5CAC048CB8D2}.Debug|Any CPU.Build.0 = Debug|Any CPU
		{F64BE4FD-BB92-4D2A-A7C1-5CAC048CB8D2}.Release|Any CPU.ActiveCfg = Release|Any CPU
		{F64BE4FD-BB92-4D2A-A7C1-5CAC048CB8D2}.Release|Any CPU.Build.0 = Release|Any CPU
		{B553021F-B42A-42FA-8EFD-465035F711FD}.Debug|Any CPU.ActiveCfg = Debug|Any CPU
		{B553021F-B42A-42FA-8EFD-465035F711FD}.Debug|Any CPU.Build.0 = Debug|Any CPU
		{B553021F-B42A-42FA-8EFD-465035F711FD}.Release|Any CPU.ActiveCfg = Release|Any CPU
		{B553021F-B42A-42FA-8EFD-465035F711FD}.Release|Any CPU.Build.0 = Release|Any CPU
	EndGlobalSection
	GlobalSection(SolutionProperties) = preSolution
		HideSolutionNode = FALSE
	EndGlobalSection
	GlobalSection(ExtensibilityGlobals) = postSolution
		SolutionGuid = {980E854F-0943-4B96-B5A8-43B608465CE9}
	EndGlobalSection
EndGlobal
